
Microsoft Visual Studio Solution File, Format Version 12.00
# Visual Studio Version 17
VisualStudioVersion = 17.13.35931.197 d17.13
MinimumVisualStudioVersion = 10.0.40219.1
Project("{FAE04EC0-301F-11D3-BF4B-00C04F79EFBC}") = "MariEMontiRandomPizza", "MariEMontiRandomPizza\MariEMontiRandomPizza.csproj", "{E08F1A70-3189-42C0-A0C9-A564511F8BDE}"
EndProject
Global
	GlobalSection(SolutionConfigurationPlatforms) = preSolution
		Debug|Any CPU = Debug|Any CPU
		Release|Any CPU = Release|Any CPU
	EndGlobalSection
	GlobalSection(ProjectConfigurationPlatforms) = postSolution
		{E08F1A70-3189-42C0-A0C9-A564511F8BDE}.Debug|Any CPU.ActiveCfg = Debug|Any CPU
		{E08F1A70-3189-42C0-A0C9-A564511F8BDE}.Debug|Any CPU.Build.0 = Debug|Any CPU
		{E08F1A70-3189-42C0-A0C9-A564511F8BDE}.Release|Any CPU.ActiveCfg = Release|Any CPU
		{E08F1A70-3189-42C0-A0C9-A564511F8BDE}.Release|Any CPU.Build.0 = Release|Any CPU
	EndGlobalSection
	GlobalSection(SolutionProperties) = preSolution
		HideSolutionNode = FALSE
	EndGlobalSection
	GlobalSection(ExtensibilityGlobals) = postSolution
		SolutionGuid = {D5AF13D0-8F9B-4BD7-928A-F5F1F460CD0E}
	EndGlobalSection
EndGlobal
